{
    "version": "0.5",
    "requires": [
        "zlib/1.3.1#f52e03ae3d251dec704634230cd806a2%1708593606.497",
        "websocketpp/0.8.2#842a0419153a8aa52f3ea3a1da557d38%1695972005.713",
        "pcre2/10.42#576680686b88a4dadf6d382d6d6351d9%1719089281.966",
        "openssl/3.2.2#899583c694f9deccec74dbe0bbc65a15%1717540517.968",
        "nmos-cpp/cci.20240223#20612f8f03e7230f18454e2c07308c82%1712526212.385",
        "nlohmann_json/3.11.3#45828be26eb619a2e04ca517bb7b828d%1701220705.259",
        "mdnsresponder/878.200.35#07e02cfc2e12575c71fbd09a3dc80499%1686542085.689",
        "libselinux/3.5#5c6cc0cf385b385a83b471491977b0f4%1717655459.889",
        "libmount/2.39#8a95198b2547a8ca7685eb7a1d002903%1705591483.106",
        "libffi/3.4.4#72cccac6139293b6e97ec9cd676547ff%1712271679.608",
        "libevent/2.1.12#b6333a128075d75a3614bd8418bf2099%1682409372.981",
        "libelf/0.8.13#4f70a3555809ae50cc8add44f0f84288%1682439923.579",
        "libdaemon/0.14#0eb527aaa9c1c48668779756cf47be6c%1667512637.933",
        "libbacktrace/cci.20210118#ec1aa63bbc10145c6a299e68e711670c%1676205469.545",
        "jwt-cpp/0.7.0#c4df431e5f51bce435c3e696dcac15f8%1702861946.882",
        "json-schema-validator/2.3.0#120480a628b33709becff2515d7ae6f4%1704387254.12",
        "glib/2.78.3#0cd1865c8603d90b3bc5858065e16d01%1701952584.717",
        "gdbm/1.23#e33e95cba20c006ae47466e2770cd984%1695240643.767",
        "expat/2.6.2#2d385d0d50eb5561006a7ff9e356656b%1710428668.414",
        "dbus/1.15.8#f2ddc22dc2f927b676570f333ea8f452%1719573385.502",
        "cpprestsdk/2.10.19#fc44e90f5159be5817ef170cc46961b3%1716584767.45",
        "bzip2/1.0.8#457c272f7da34cb9c67456dd217d36c4%1703591832.799",
        "boost/1.83.0#d4781304ee5009e57390e1b9e7d5ea66%1720080620.049",
        "avahi/0.8#97e7c851597d8d8346bd775ef7d20df4%1713360861.563"
    ],
    "build_requires": [
        "zlib/1.3.1#f52e03ae3d251dec704634230cd806a2%1708593606.497",
        "strawberryperl/5.32.1.1#707032463aa0620fa17ec0d887f5fe41%1716912583.131",
        "pkgconf/2.2.0#6462942a22803086372db44689ba825f%1713364853.749",
        "pkgconf/2.1.0#27f44583701117b571307cf5b5fe5605%1701537936.436",
        "pkgconf/2.0.3#f996677e96e61e6552d85e83756c328b%1696606182.229",
        "pcre2/10.42#576680686b88a4dadf6d382d6d6351d9%1719089281.966",
        "ninja/1.11.1#77587f8c8318662ac8e5a7867eb4be21%1684431244.21",
        "nasm/2.16.01#d0aebbd20ccbb6ad9c9c753ab708098c%1703986473.394",
        "meson/1.4.0#024dfac41ea5570cb1aec3ea6fe34d0a%1710913346.419",
        "meson/1.2.2#04bdfb85d665c82b08a3510aee3ffd19%1702568761.764",
        "m4/1.4.19#b38ced39a01e31fef5435bc634461fd2%1700758725.451",
        "libselinux/3.5#5c6cc0cf385b385a83b471491977b0f4%1717655459.889",
        "libmount/2.39#8a95198b2547a8ca7685eb7a1d002903%1705591483.106",
        "libffi/3.4.4#72cccac6139293b6e97ec9cd676547ff%1712271679.608",
        "libelf/0.8.13#4f70a3555809ae50cc8add44f0f84288%1682439923.579",
        "gnu-config/cci.20210814#dc430d754f465e8c74463019672fb97b%1701248168.479",
        "glib/2.78.3#0cd1865c8603d90b3bc5858065e16d01%1701952584.717",
        "flex/2.6.4#e35bc44b3fcbcd661e0af0dc5b5b1ad4%1674818991.113",
        "cmake/3.30.0#b93985853f6298c398c76dd4c2ac02a2%1720046385.175",
        "bzip2/1.0.8#457c272f7da34cb9c67456dd217d36c4%1703591832.799",
        "bison/3.8.2#ed1ba0c42d2ab7ab64fc3a62e9ecc673%1688556312.342",
        "b2/5.2.1#91bc73931a0acb655947a81569ed8b80%1718416612.241",
        "autoconf/2.71#f9307992909d7fb3df459340f1932809%1711983104.648"
    ],
    "python_requires": [],
    "config_requires": []
}