{
    "version": "0.5",
    "requires": [
        "zstd/1.5.7#b68ca8e3de04ba5957761751d1d661f4%1760955092.069",
        "zlib/1.3.1#cac0f6daea041b0ccf42934163defb20%1765284699.337",
        "xz_utils/5.8.3#a8432fead347c69d8b2737c35f936132%1775752656.4",
        "websocketpp/0.8.2#01060cdb4f11652648794750bf3a5f44%1737630872.126",
        "pcre2/10.42#9a35f5089feb875ec61a38eca364ce77%1743524593.693",
        "openssl/3.6.2#36f92686a9285adfe2ccd1c1dbf9ea35%1775635547.022",
        "nmos-cpp/cci.20240223#20612f8f03e7230f18454e2c07308c82%1712526212.385",
        "nlohmann_json/3.11.3#45828be26eb619a2e04ca517bb7b828d%1701220705.259",
        "mdnsresponder/878.200.35#07e02cfc2e12575c71fbd09a3dc80499%1686542085.689",
        "libselinux/3.6#5a78ff6ae5034eeaac8da723361a8ce4%1717655459.344",
        "libmount/2.39.2#64850679fa9d5ead878e5076b0cab2a8%1705591482.625",
        "libffi/3.4.8#a045c00fb26779635e3bed40e80c5254%1753360042.396",
        "libevent/2.1.12#7a7a21762e2b4ed13d29aee3e10c19e7%1751271631.406",
        "libdaemon/0.14#0eb527aaa9c1c48668779756cf47be6c%1667512637.933",
        "libbacktrace/cci.20210118#a7691bfccd8caaf66309df196790a5a1%1722218217.276",
        "jwt-cpp/0.7.0#8866e2b13d06704e8d1b48e15a384639%1725009084.676",
        "json-schema-validator/2.3.0#120480a628b33709becff2515d7ae6f4%1704387254.12",
        "glib/2.78.3#ab1631d8312dedc7e1dd3706e568ed6d%1749222670.45",
        "gdbm/1.23#e33e95cba20c006ae47466e2770cd984%1695240643.767",
        "expat/2.7.5#89bbde1770876a19bb8620b9808941cc%1773806275.408",
        "elfutils/0.190#8e8c47bd9b2578e29a0341b09b977be8%1739188192.515",
        "dbus/1.15.8#3cdcb97b51b7f931f9f11c57d8409845%1732633255.624",
        "cpprestsdk/2.10.19#b2689e8956d6ac0e2413c573b21d8aeb%1774594008.196",
        "bzip2/1.0.8#c470882369c2d95c5c77e970c0c7e321%1762886692.465",
        "boost/1.83.0#3989436c24399e15c01ab4bf165703da%1765955110.191",
        "avahi/0.8#818a4754eba26c892db466da637740b6%1737451274.106"
    ],
    "build_requires": [
        "zstd/1.5.7#b68ca8e3de04ba5957761751d1d661f4%1760955092.069",
        "zlib/1.3.1#cac0f6daea041b0ccf42934163defb20%1765284699.337",
        "xz_utils/5.8.3#a8432fead347c69d8b2737c35f936132%1775752656.4",
        "strawberryperl/5.32.1.1#8d114504d172cfea8ea1662d09b6333e%1751971032.423",
        "pkgconf/2.5.1#93c2051284cba1279494a43a4fcfeae2%1757684701.089",
        "pkgconf/2.2.0#4ac315b50ef734072b00ff3aacbf52bf%1755505628.021",
        "pkgconf/2.1.0#21f96520faf7660b99f872e956d2ac13%1755505630.82",
        "pcre2/10.42#9a35f5089feb875ec61a38eca364ce77%1743524593.693",
        "ninja/1.13.2#c8c5dc2a52ed6e4e42a66d75b4717ceb%1764096931.974",
        "nasm/2.16.01#31e26f2ee3c4346ecd347911bd126904%1745483323.489",
        "meson/1.10.2#9d2d10681fe7fe61c788c58626c89b25%1775558003.754",
        "meson/1.4.0#2262941cc8fbb0099dd0c196ca2a6c01%1726730116.631",
        "m4/1.4.19#34c4bbc3eeebe98ca6edf2f52d602e7d%1777282960.259",
        "libselinux/3.6#5a78ff6ae5034eeaac8da723361a8ce4%1717655459.344",
        "libmount/2.39.2#64850679fa9d5ead878e5076b0cab2a8%1705591482.625",
        "libiconv/1.17#9923bc6dc6f106646d6967e0039a5ada%1774021608.288",
        "libffi/3.4.8#a045c00fb26779635e3bed40e80c5254%1753360042.396",
        "gnu-config/cci.20210814#466e9d4d7779e1c142443f7ea44b4284%1762363589.329",
        "glib/2.78.3#ab1631d8312dedc7e1dd3706e568ed6d%1749222670.45",
        "gettext/0.22.5#2f6edba611e8db1a8a18488b116e8c2a%1765299121.036",
        "flex/2.6.4#efa781fc5088b47c895bd4eef6911f2e%1761560242.855",
        "elfutils/0.190#8e8c47bd9b2578e29a0341b09b977be8%1739188192.515",
        "cmake/4.3.2#c740c22f711eb5ef0cec51c40b84657b%1776934625.055",
        "cmake/3.31.12#074b543418bfd044b7171af3399d8602%1776882511.03",
        "bzip2/1.0.8#c470882369c2d95c5c77e970c0c7e321%1762886692.465",
        "bison/3.8.2#c3490cbe0078b6fd3eb4cf5ed64144dc%1755688988.644",
        "b2/5.4.2#ffd6084a119587e70f11cd45d1a386e2%1766594659.866",
        "automake/1.16.5#b91b7c384c3deaa9d535be02da14d04f%1755524470.56",
        "autoconf/2.71#51077f068e61700d65bb05541ea1e4b0%1731054366.86"
    ],
    "python_requires": [],
    "config_requires": []
}
